
Microsoft Visual Studio Solution File, Format Version 12.00
# Visual Studio 15
VisualStudioVersion = 15.0.28010.2003
MinimumVisualStudioVersion = 10.0.40219.1
Project("{FAE04EC0-301F-11D3-BF4B-00C04F79EFBC}") = "ConsoleApp1", "ConsoleApp1.csproj", "{F97178DF-2364-4DFF-A22E-66CA522EED07}"
EndProject
Global
	GlobalSection(SolutionConfigurationPlatforms) = preSolution
		Debug|Any CPU = Debug|Any CPU
		Release|Any CPU = Release|Any CPU
	EndGlobalSection
	GlobalSection(ProjectConfigurationPlatforms) = postSolution
		{F97178DF-2364-4DFF-A22E-66CA522EED07}.Debug|Any CPU.ActiveCfg = Debug|Any CPU
		{F97178DF-2364-4DFF-A22E-66CA522EED07}.Debug|Any CPU.Build.0 = Debug|Any CPU
		{F97178DF-2364-4DFF-A22E-66CA522EED07}.Release|Any CPU.ActiveCfg = Release|Any CPU
		{F97178DF-2364-4DFF-A22E-66CA522EED07}.Release|Any CPU.Build.0 = Release|Any CPU
	EndGlobalSection
	GlobalSection(SolutionProperties) = preSolution
		HideSolutionNode = FALSE
	EndGlobalSection
	GlobalSection(ExtensibilityGlobals) = postSolution
		SolutionGuid = {1056FB3D-C8C9-4CE1-BFE2-D4E22EA1CB80}
	EndGlobalSection
EndGlobal
